
Microsoft Visual Studio Solution File, Format Version 12.00
# Visual Studio 15
VisualStudioVersion = 15.0.28307.539
MinimumVisualStudioVersion = 10.0.40219.1
Project("{FAE04EC0-301F-11D3-BF4B-00C04F79EFBC}") = "Ruhndomizer v2", "Ruhndomizer v2\Ruhndomizer v2.csproj", "{3C431CF7-AF72-4FE2-B64B-B07242C85FA1}"
EndProject
Global
	GlobalSection(SolutionConfigurationPlatforms) = preSolution
		Debug|Any CPU = Debug|Any CPU
		Release|Any CPU = Release|Any CPU
	EndGlobalSection
	GlobalSection(ProjectConfigurationPlatforms) = postSolution
		{3C431CF7-AF72-4FE2-B64B-B07242C85FA1}.Debug|Any CPU.ActiveCfg = Debug|Any CPU
		{3C431CF7-AF72-4FE2-B64B-B07242C85FA1}.Debug|Any CPU.Build.0 = Debug|Any CPU
		{3C431CF7-AF72-4FE2-B64B-B07242C85FA1}.Release|Any CPU.ActiveCfg = Release|Any CPU
		{3C431CF7-AF72-4FE2-B64B-B07242C85FA1}.Release|Any CPU.Build.0 = Release|Any CPU
	EndGlobalSection
	GlobalSection(SolutionProperties) = preSolution
		HideSolutionNode = FALSE
	EndGlobalSection
	GlobalSection(ExtensibilityGlobals) = postSolution
		SolutionGuid = {46D1FD6F-5E96-42E9-9BA0-7B97B5490713}
	EndGlobalSection
EndGlobal
